
Microsoft Visual Studio Solution File, Format Version 12.00
# Visual Studio Version 16
VisualStudioVersion = 16.0.29009.5
MinimumVisualStudioVersion = 10.0.40219.1
Project("{FAE04EC0-301F-11D3-BF4B-00C04F79EFBC}") = "Amabra", "Amabra\Amabra.csproj", "{003AB602-3765-4305-9DB2-B1CDA92676CB}"
	ProjectSection(ProjectDependencies) = postProject
		{DEC8F13E-9987-4AD2-8B68-51F700D6A1B8} = {DEC8F13E-9987-4AD2-8B68-51F700D6A1B8}
	EndProjectSection
EndProject
Project("{FAE04EC0-301F-11D3-BF4B-00C04F79EFBC}") = "Amabra.Models", "Amabra.Models\Amabra.Models.csproj", "{DEC8F13E-9987-4AD2-8B68-51F700D6A1B8}"
EndProject
Project("{FAE04EC0-301F-11D3-BF4B-00C04F79EFBC}") = "Amabra.Database", "Amabra.Database\Amabra.Database.csproj", "{37994E4E-8665-4A89-8AA9-0D9F73D2FCC0}"
EndProject
Global
	GlobalSection(SolutionConfigurationPlatforms) = preSolution
		Debug|Any CPU = Debug|Any CPU
		Release|Any CPU = Release|Any CPU
	EndGlobalSection
	GlobalSection(ProjectConfigurationPlatforms) = postSolution
		{003AB602-3765-4305-9DB2-B1CDA92676CB}.Debug|Any CPU.ActiveCfg = Debug|Any CPU
		{003AB602-3765-4305-9DB2-B1CDA92676CB}.Debug|Any CPU.Build.0 = Debug|Any CPU
		{003AB602-3765-4305-9DB2-B1CDA92676CB}.Release|Any CPU.ActiveCfg = Release|Any CPU
		{003AB602-3765-4305-9DB2-B1CDA92676CB}.Release|Any CPU.Build.0 = Release|Any CPU
		{DEC8F13E-9987-4AD2-8B68-51F700D6A1B8}.Debug|Any CPU.ActiveCfg = Debug|Any CPU
		{DEC8F13E-9987-4AD2-8B68-51F700D6A1B8}.Debug|Any CPU.Build.0 = Debug|Any CPU
		{DEC8F13E-9987-4AD2-8B68-51F700D6A1B8}.Release|Any CPU.ActiveCfg = Release|Any CPU
		{DEC8F13E-9987-4AD2-8B68-51F700D6A1B8}.Release|Any CPU.Build.0 = Release|Any CPU
		{37994E4E-8665-4A89-8AA9-0D9F73D2FCC0}.Debug|Any CPU.ActiveCfg = Debug|Any CPU
		{37994E4E-8665-4A89-8AA9-0D9F73D2FCC0}.Debug|Any CPU.Build.0 = Debug|Any CPU
		{37994E4E-8665-4A89-8AA9-0D9F73D2FCC0}.Release|Any CPU.ActiveCfg = Release|Any CPU
		{37994E4E-8665-4A89-8AA9-0D9F73D2FCC0}.Release|Any CPU.Build.0 = Release|Any CPU
	EndGlobalSection
	GlobalSection(SolutionProperties) = preSolution
		HideSolutionNode = FALSE
	EndGlobalSection
	GlobalSection(ExtensibilityGlobals) = postSolution
		SolutionGuid = {675AC4FD-44B3-443C-90BA-B27F48317077}
	EndGlobalSection
EndGlobal
